Microsoft Visual Studio Solution File, Format Version 12.00
# Visual Studio Version 17
VisualStudioVersion = 17.0.31903.59
MinimumVisualStudioVersion = 10.0.40219.1
Project("{60DC8134-EBA5-43B8-BCC9-BB4BC16C2548}") = "MT5Agent.Desktop", "MT5Agent.Desktop\MT5Agent.Desktop.csproj", "{1A20E3A1-4E6E-4638-9D71-4F9E0B5E5A01}"
EndProject
Project("{FAE04EC0-301F-11D3-BF4B-00C04F79EFBC}") = "MT5Agent.Desktop.Tests", "MT5Agent.Desktop.Tests\MT5Agent.Desktop.Tests.csproj", "{83292C44-D645-4E0C-9CB7-FA7CFB3B2F3F}"
EndProject
Global
	GlobalSection(SolutionConfigurationPlatforms) = preSolution
		Debug|x64 = Debug|x64
		Release|x64 = Release|x64
	EndGlobalSection
	GlobalSection(ProjectConfigurationPlatforms) = postSolution
		{1A20E3A1-4E6E-4638-9D71-4F9E0B5E5A01}.Debug|x64.ActiveCfg = Debug|x64
		{1A20E3A1-4E6E-4638-9D71-4F9E0B5E5A01}.Debug|x64.Build.0 = Debug|x64
		{1A20E3A1-4E6E-4638-9D71-4F9E0B5E5A01}.Release|x64.ActiveCfg = Release|x64
		{1A20E3A1-4E6E-4638-9D71-4F9E0B5E5A01}.Release|x64.Build.0 = Release|x64
		{83292C44-D645-4E0C-9CB7-FA7CFB3B2F3F}.Debug|x64.ActiveCfg = Debug|Any CPU
		{83292C44-D645-4E0C-9CB7-FA7CFB3B2F3F}.Debug|x64.Build.0 = Debug|Any CPU
		{83292C44-D645-4E0C-9CB7-FA7CFB3B2F3F}.Release|x64.ActiveCfg = Release|Any CPU
		{83292C44-D645-4E0C-9CB7-FA7CFB3B2F3F}.Release|x64.Build.0 = Release|Any CPU
	EndGlobalSection
	GlobalSection(SolutionProperties) = preSolution
		HideSolutionNode = FALSE
	EndGlobalSection
EndGlobal
